
Microsoft Visual Studio Solution File, Format Version 12.00
# Visual Studio 15
VisualStudioVersion = 15.0.27703.2042
MinimumVisualStudioVersion = 10.0.40219.1
Project("{888888A0-9F3D-457C-B088-3A5042F75D52}") = "ProjectX", "ProjectX\ProjectX.pyproj", "{B501C46E-2F96-4376-81DB-1C04961E453E}"
EndProject
Global
	GlobalSection(SolutionConfigurationPlatforms) = preSolution
		Debug|Any CPU = Debug|Any CPU
		Release|Any CPU = Release|Any CPU
	EndGlobalSection
	GlobalSection(ProjectConfigurationPlatforms) = postSolution
		{B501C46E-2F96-4376-81DB-1C04961E453E}.Debug|Any CPU.ActiveCfg = Debug|Any CPU
		{B501C46E-2F96-4376-81DB-1C04961E453E}.Debug|Any CPU.Build.0 = Debug|Any CPU
		{B501C46E-2F96-4376-81DB-1C04961E453E}.Release|Any CPU.ActiveCfg = Release|Any CPU
		{B501C46E-2F96-4376-81DB-1C04961E453E}.Release|Any CPU.Build.0 = Release|Any CPU
	EndGlobalSection
	GlobalSection(SolutionProperties) = preSolution
		HideSolutionNode = FALSE
	EndGlobalSection
	GlobalSection(ExtensibilityGlobals) = postSolution
		SolutionGuid = {B836F46D-AE11-445E-8A9E-CFDE327318B5}
	EndGlobalSection
EndGlobal
